
Microsoft Visual Studio Solution File, Format Version 12.00
# Visual Studio Version 16
VisualStudioVersion = 16.0.33927.289
MinimumVisualStudioVersion = 10.0.40219.1
Project("{FAE04EC0-301F-11D3-BF4B-00C04F79EFBC}") = "Tyuiu.IvanovJD.Sprint3.Task4.V8", "Tyuiu.IvanovJD.Sprint3.Task4.V8\Tyuiu.IvanovJD.Sprint3.Task4.V8.csproj", "{7BACC13C-2AEE-4217-8986-05255CA9929D}"
EndProject
Project("{FAE04EC0-301F-11D3-BF4B-00C04F79EFBC}") = "Tyuiu.IvanovJD.Sprint3.Task4.V8.Lib", "Tyuiu.IvanovJD.Sprint3.Task4.V8.Lib\Tyuiu.IvanovJD.Sprint3.Task4.V8.Lib.csproj", "{A6F5A732-231C-4003-9EB3-3E6A26C39570}"
EndProject
Project("{FAE04EC0-301F-11D3-BF4B-00C04F79EFBC}") = "Tyuiu.IvanovJD.Sprint3.Task4.V8.Test", "Tyuiu.IvanovJD.Sprint3.Task4.V8.Test\Tyuiu.IvanovJD.Sprint3.Task4.V8.Test.csproj", "{3C08E287-BF1C-4EF8-B627-1F5C19621389}"
EndProject
Global
	GlobalSection(SolutionConfigurationPlatforms) = preSolution
		Debug|Any CPU = Debug|Any CPU
		Release|Any CPU = Release|Any CPU
	EndGlobalSection
	GlobalSection(ProjectConfigurationPlatforms) = postSolution
		{7BACC13C-2AEE-4217-8986-05255CA9929D}.Debug|Any CPU.ActiveCfg = Debug|Any CPU
		{7BACC13C-2AEE-4217-8986-05255CA9929D}.Debug|Any CPU.Build.0 = Debug|Any CPU
		{7BACC13C-2AEE-4217-8986-05255CA9929D}.Release|Any CPU.ActiveCfg = Release|Any CPU
		{7BACC13C-2AEE-4217-8986-05255CA9929D}.Release|Any CPU.Build.0 = Release|Any CPU
		{A6F5A732-231C-4003-9EB3-3E6A26C39570}.Debug|Any CPU.ActiveCfg = Debug|Any CPU
		{A6F5A732-231C-4003-9EB3-3E6A26C39570}.Debug|Any CPU.Build.0 = Debug|Any CPU
		{A6F5A732-231C-4003-9EB3-3E6A26C39570}.Release|Any CPU.ActiveCfg = Release|Any CPU
		{A6F5A732-231C-4003-9EB3-3E6A26C39570}.Release|Any CPU.Build.0 = Release|Any CPU
		{3C08E287-BF1C-4EF8-B627-1F5C19621389}.Debug|Any CPU.ActiveCfg = Debug|Any CPU
		{3C08E287-BF1C-4EF8-B627-1F5C19621389}.Debug|Any CPU.Build.0 = Debug|Any CPU
		{3C08E287-BF1C-4EF8-B627-1F5C19621389}.Release|Any CPU.ActiveCfg = Release|Any CPU
		{3C08E287-BF1C-4EF8-B627-1F5C19621389}.Release|Any CPU.Build.0 = Release|Any CPU
	EndGlobalSection
	GlobalSection(SolutionProperties) = preSolution
		HideSolutionNode = FALSE
	EndGlobalSection
	GlobalSection(ExtensibilityGlobals) = postSolution
		SolutionGuid = {EE63CED7-2ED3-407E-B903-D3531BC62DE3}
	EndGlobalSection
EndGlobal
